
Microsoft Visual Studio Solution File, Format Version 12.00
# Visual Studio 2012
Project("{FAE04EC0-301F-11D3-BF4B-00C04F79EFBC}") = "BuildingBlocks", "BuildingBlocks\BuildingBlocks.csproj", "{6580D34A-D76D-426C-B931-26BB87EF337B}"
EndProject
Global
	GlobalSection(SolutionConfigurationPlatforms) = preSolution
		Debug|Any CPU = Debug|Any CPU
		Release|Any CPU = Release|Any CPU
	EndGlobalSection
	GlobalSection(ProjectConfigurationPlatforms) = postSolution
		{6580D34A-D76D-426C-B931-26BB87EF337B}.Debug|Any CPU.ActiveCfg = Debug|Any CPU
		{6580D34A-D76D-426C-B931-26BB87EF337B}.Debug|Any CPU.Build.0 = Debug|Any CPU
		{6580D34A-D76D-426C-B931-26BB87EF337B}.Release|Any CPU.ActiveCfg = Release|Any CPU
		{6580D34A-D76D-426C-B931-26BB87EF337B}.Release|Any CPU.Build.0 = Release|Any CPU
	EndGlobalSection
	GlobalSection(SolutionProperties) = preSolution
		HideSolutionNode = FALSE
	EndGlobalSection
EndGlobal
